{
  "nodes": {
    "nixpkgs": {
      "locked": {
        "lastModified": 0,
        "narHash": "sha256-EPnm0abL8cO/ZR5zCPPy/8hcjbFIuJ+abyLhXiPgvBw=",
        "path": "/nix/store/kwfq3r6g49vkbl3g3mnvhj7fzpawnqpc-source",
        "type": "path"
      },
      "original": {
        "id": "nixpkgs",
        "type": "indirect"
      }
    },
    "root": {
      "inputs": {
        "nixpkgs": "nixpkgs"
      }
    }
  },
  "root": "root",
  "version": 7
}
